
Microsoft Visual Studio Solution File, Format Version 12.00
# Visual Studio Version 17
VisualStudioVersion = 17.5.33424.131
MinimumVisualStudioVersion = 10.0.40219.1
Project("{FAE04EC0-301F-11D3-BF4B-00C04F79EFBC}") = "Client", "Client\Client.csproj", "{94E71E09-E812-4132-A4AA-4A32EC00D6E3}"
EndProject
Project("{FAE04EC0-301F-11D3-BF4B-00C04F79EFBC}") = "Server", "Server\Server.csproj", "{19BFA315-F2EE-483B-A529-D2222C60E60D}"
EndProject
Global
	GlobalSection(SolutionConfigurationPlatforms) = preSolution
		Debug|Any CPU = Debug|Any CPU
		Release|Any CPU = Release|Any CPU
	EndGlobalSection
	GlobalSection(ProjectConfigurationPlatforms) = postSolution
		{94E71E09-E812-4132-A4AA-4A32EC00D6E3}.Debug|Any CPU.ActiveCfg = Debug|Any CPU
		{94E71E09-E812-4132-A4AA-4A32EC00D6E3}.Debug|Any CPU.Build.0 = Debug|Any CPU
		{94E71E09-E812-4132-A4AA-4A32EC00D6E3}.Release|Any CPU.ActiveCfg = Release|Any CPU
		{94E71E09-E812-4132-A4AA-4A32EC00D6E3}.Release|Any CPU.Build.0 = Release|Any CPU
		{19BFA315-F2EE-483B-A529-D2222C60E60D}.Debug|Any CPU.ActiveCfg = Debug|Any CPU
		{19BFA315-F2EE-483B-A529-D2222C60E60D}.Debug|Any CPU.Build.0 = Debug|Any CPU
		{19BFA315-F2EE-483B-A529-D2222C60E60D}.Release|Any CPU.ActiveCfg = Release|Any CPU
		{19BFA315-F2EE-483B-A529-D2222C60E60D}.Release|Any CPU.Build.0 = Release|Any CPU
	EndGlobalSection
	GlobalSection(SolutionProperties) = preSolution
		HideSolutionNode = FALSE
	EndGlobalSection
	GlobalSection(ExtensibilityGlobals) = postSolution
		SolutionGuid = {CAD2873B-42C3-4B0D-832B-AFC3A2B01F89}
	EndGlobalSection
EndGlobal
